
Microsoft Visual Studio Solution File, Format Version 12.00
# Visual Studio 2012
Project("{FAE04EC0-301F-11D3-BF4B-00C04F79EFBC}") = "DemoTokenView", "DemoTokenView\DemoTokenView.csproj", "{90DB5081-6658-4D7B-879D-C4F2933F15D5}"
EndProject
Global
	GlobalSection(SolutionConfigurationPlatforms) = preSolution
		Debug|iPhoneSimulator = Debug|iPhoneSimulator
		Release|iPhone = Release|iPhone
		Release|iPhoneSimulator = Release|iPhoneSimulator
		Debug|iPhone = Debug|iPhone
	EndGlobalSection
	GlobalSection(ProjectConfigurationPlatforms) = postSolution
		{90DB5081-6658-4D7B-879D-C4F2933F15D5}.Debug|iPhoneSimulator.ActiveCfg = Debug|iPhoneSimulator
		{90DB5081-6658-4D7B-879D-C4F2933F15D5}.Debug|iPhoneSimulator.Build.0 = Debug|iPhoneSimulator
		{90DB5081-6658-4D7B-879D-C4F2933F15D5}.Release|iPhone.ActiveCfg = Release|iPhone
		{90DB5081-6658-4D7B-879D-C4F2933F15D5}.Release|iPhone.Build.0 = Release|iPhone
		{90DB5081-6658-4D7B-879D-C4F2933F15D5}.Release|iPhoneSimulator.ActiveCfg = Release|iPhoneSimulator
		{90DB5081-6658-4D7B-879D-C4F2933F15D5}.Release|iPhoneSimulator.Build.0 = Release|iPhoneSimulator
		{90DB5081-6658-4D7B-879D-C4F2933F15D5}.Debug|iPhone.ActiveCfg = Debug|iPhone
		{90DB5081-6658-4D7B-879D-C4F2933F15D5}.Debug|iPhone.Build.0 = Debug|iPhone
	EndGlobalSection
EndGlobal
